schema: '2.0'
stages:
  prepare:
    cmd: python src/prepare.py data/data.xml
    params:
      params.yaml:
        prepare.seed: 20170428
        prepare.split: 0.2
    outs:
    - path: data/prepared/train.tsv
      hash: md5
      md5: 9ca281786366acca17632c27c5c5cc75
      size: 6728772
      isexec: true
  feature:
    cmd: python src/featurization.py data/prepared data/feature
    deps:
    - path: data/prepared
      hash: md5
      md5: 153aad06d376b6595932470e459ef42a.dir
      size: 8437363
      nfiles: 2
    - path: src/featurization.py
      hash: md5
      md5: e22789fc9581cad11ef7a6fa3aa3f17b
      size: 4158
      isexec: true
    params:
      params.yaml:
        featurize.max_features: 100
        featurize.ngrams: 1
    outs:
    - path: data/feature
      hash: md5
      md5: 74642e90419272839886d8e51f730b44.dir
      size: 1556292
      nfiles: 2
  train:
    cmd: python src/train.py data/feature data/model
    deps:
    - path: data/feature
      hash: md5
      md5: 74642e90419272839886d8e51f730b44.dir
      size: 1556292
      nfiles: 2
    - path: src/train.py
      hash: md5
      md5: 324001573ed724e5ae092226fcf9ca30
      size: 1666
      isexec: true
    params:
      params.yaml:
        train.min_split: 0.01
        train.n_est: 50
        train.seed: 20170428
